
Microsoft Visual Studio Solution File, Format Version 12.00
# Visual Studio Version 17
VisualStudioVersion = 17.1.32328.378
MinimumVisualStudioVersion = 10.0.40219.1
Project("{FAE04EC0-301F-11D3-BF4B-00C04F79EFBC}") = "RdiSoftware", "RdiSoftware\RdiSoftware.csproj", "{EC7E2872-7073-4DA2-A9A5-E17037CAE166}"
EndProject
Project("{FAE04EC0-301F-11D3-BF4B-00C04F79EFBC}") = "UnitTest", "UnitTest\UnitTest.csproj", "{9BD2AA74-E010-4322-94A6-7B4FDC96905D}"
EndProject
Global
	GlobalSection(SolutionConfigurationPlatforms) = preSolution
		Debug|Any CPU = Debug|Any CPU
		Release|Any CPU = Release|Any CPU
	EndGlobalSection
	GlobalSection(ProjectConfigurationPlatforms) = postSolution
		{EC7E2872-7073-4DA2-A9A5-E17037CAE166}.Debug|Any CPU.ActiveCfg = Debug|Any CPU
		{EC7E2872-7073-4DA2-A9A5-E17037CAE166}.Debug|Any CPU.Build.0 = Debug|Any CPU
		{EC7E2872-7073-4DA2-A9A5-E17037CAE166}.Release|Any CPU.ActiveCfg = Release|Any CPU
		{EC7E2872-7073-4DA2-A9A5-E17037CAE166}.Release|Any CPU.Build.0 = Release|Any CPU
		{9BD2AA74-E010-4322-94A6-7B4FDC96905D}.Debug|Any CPU.ActiveCfg = Debug|Any CPU
		{9BD2AA74-E010-4322-94A6-7B4FDC96905D}.Debug|Any CPU.Build.0 = Debug|Any CPU
		{9BD2AA74-E010-4322-94A6-7B4FDC96905D}.Release|Any CPU.ActiveCfg = Release|Any CPU
		{9BD2AA74-E010-4322-94A6-7B4FDC96905D}.Release|Any CPU.Build.0 = Release|Any CPU
	EndGlobalSection
	GlobalSection(SolutionProperties) = preSolution
		HideSolutionNode = FALSE
	EndGlobalSection
	GlobalSection(ExtensibilityGlobals) = postSolution
		SolutionGuid = {884627E7-4E4E-4792-9D5C-1828C7E24EB8}
	EndGlobalSection
EndGlobal
